
Microsoft Visual Studio Solution File, Format Version 12.00
# Visual Studio 15
VisualStudioVersion = 15.0.28307.168
MinimumVisualStudioVersion = 10.0.40219.1
Project("{9A19103F-16F7-4668-BE54-9A1E7A4F7556}") = "DGS-succession", "DGS-succession.csproj", "{81D91919-5F22-4D8C-9532-2B9996511839}"
EndProject
Project("{9A19103F-16F7-4668-BE54-9A1E7A4F7556}") = "output-biomass", "..\..\Extension-Output-Biomass-Reclass-master\Extension-Output-Biomass-Reclass-master\src\output-biomass.csproj", "{C9F2A1BB-2706-48F3-90C2-B42C4CAF9F6C}"
EndProject
Project("{9A19103F-16F7-4668-BE54-9A1E7A4F7556}") = "GiplDamm", "..\..\..\..\GIPL\CSharpCode\GiplDammNewInputs.03.11.2020\GiplDamm\GiplDamm.csproj", "{C3E20649-F2FD-47A8-A320-899DC7D7046F}"
EndProject
Project("{9A19103F-16F7-4668-BE54-9A1E7A4F7556}") = "ShawDammNewInputs", "..\..\..\..\SHAW\CSharpCode\ShawDammNewInputs.03.11.2020\ShawDamm\ShawDammNewInputs.csproj", "{005FCCD0-E927-449F-A4F6-82269C9728EB}"
EndProject
Global
	GlobalSection(SolutionConfigurationPlatforms) = preSolution
		Debug|Any CPU = Debug|Any CPU
		Release|Any CPU = Release|Any CPU
	EndGlobalSection
	GlobalSection(ProjectConfigurationPlatforms) = postSolution
		{81D91919-5F22-4D8C-9532-2B9996511839}.Debug|Any CPU.ActiveCfg = Debug|Any CPU
		{81D91919-5F22-4D8C-9532-2B9996511839}.Debug|Any CPU.Build.0 = Debug|Any CPU
		{81D91919-5F22-4D8C-9532-2B9996511839}.Release|Any CPU.ActiveCfg = Release|Any CPU
		{81D91919-5F22-4D8C-9532-2B9996511839}.Release|Any CPU.Build.0 = Release|Any CPU
		{C9F2A1BB-2706-48F3-90C2-B42C4CAF9F6C}.Debug|Any CPU.ActiveCfg = Debug|Any CPU
		{C9F2A1BB-2706-48F3-90C2-B42C4CAF9F6C}.Debug|Any CPU.Build.0 = Debug|Any CPU
		{C9F2A1BB-2706-48F3-90C2-B42C4CAF9F6C}.Release|Any CPU.ActiveCfg = Release|Any CPU
		{C9F2A1BB-2706-48F3-90C2-B42C4CAF9F6C}.Release|Any CPU.Build.0 = Release|Any CPU
		{C3E20649-F2FD-47A8-A320-899DC7D7046F}.Debug|Any CPU.ActiveCfg = Debug|Any CPU
		{C3E20649-F2FD-47A8-A320-899DC7D7046F}.Debug|Any CPU.Build.0 = Debug|Any CPU
		{C3E20649-F2FD-47A8-A320-899DC7D7046F}.Release|Any CPU.ActiveCfg = Release|Any CPU
		{C3E20649-F2FD-47A8-A320-899DC7D7046F}.Release|Any CPU.Build.0 = Release|Any CPU
		{005FCCD0-E927-449F-A4F6-82269C9728EB}.Debug|Any CPU.ActiveCfg = Debug|Any CPU
		{005FCCD0-E927-449F-A4F6-82269C9728EB}.Debug|Any CPU.Build.0 = Debug|Any CPU
		{005FCCD0-E927-449F-A4F6-82269C9728EB}.Release|Any CPU.ActiveCfg = Release|Any CPU
		{005FCCD0-E927-449F-A4F6-82269C9728EB}.Release|Any CPU.Build.0 = Release|Any CPU
	EndGlobalSection
	GlobalSection(SolutionProperties) = preSolution
		HideSolutionNode = FALSE
	EndGlobalSection
	GlobalSection(ExtensibilityGlobals) = postSolution
		SolutionGuid = {0FDEC59C-A3D5-403E-8E47-2A5A405C1E0B}
	EndGlobalSection
EndGlobal
